
Microsoft Visual Studio Solution File, Format Version 12.00
# Visual Studio Version 17
VisualStudioVersion = 17.14.36804.6 d17.14
MinimumVisualStudioVersion = 10.0.40219.1
Project("{FAE04EC0-301F-11D3-BF4B-00C04F79EFBC}") = "Foldrengesek2026", "Foldrengesek2026\Foldrengesek2026.csproj", "{2CA64319-C47C-4DB2-83ED-99F55B139999}"
EndProject
Global
	GlobalSection(SolutionConfigurationPlatforms) = preSolution
		Debug|Any CPU = Debug|Any CPU
		Release|Any CPU = Release|Any CPU
	EndGlobalSection
	GlobalSection(ProjectConfigurationPlatforms) = postSolution
		{2CA64319-C47C-4DB2-83ED-99F55B139999}.Debug|Any CPU.ActiveCfg = Debug|Any CPU
		{2CA64319-C47C-4DB2-83ED-99F55B139999}.Debug|Any CPU.Build.0 = Debug|Any CPU
		{2CA64319-C47C-4DB2-83ED-99F55B139999}.Release|Any CPU.ActiveCfg = Release|Any CPU
		{2CA64319-C47C-4DB2-83ED-99F55B139999}.Release|Any CPU.Build.0 = Release|Any CPU
	EndGlobalSection
	GlobalSection(SolutionProperties) = preSolution
		HideSolutionNode = FALSE
	EndGlobalSection
	GlobalSection(ExtensibilityGlobals) = postSolution
		SolutionGuid = {EE09C135-0DE2-4E59-93CF-A4A2EC5DBF50}
	EndGlobalSection
EndGlobal
